
Microsoft Visual Studio Solution File, Format Version 12.00
# Visual Studio Version 16
VisualStudioVersion = 16.0.29102.190
MinimumVisualStudioVersion = 10.0.40219.1
Project("{FAE04EC0-301F-11D3-BF4B-00C04F79EFBC}") = "TXT_FrameTimeHandler", "TXT_FrameTimeHandler\TXT_FrameTimeHandler.csproj", "{766EC3AD-70E0-4C2B-8E02-75C92E4CDA03}"
EndProject
Global
	GlobalSection(SolutionConfigurationPlatforms) = preSolution
		Debug|Any CPU = Debug|Any CPU
		Release|Any CPU = Release|Any CPU
	EndGlobalSection
	GlobalSection(ProjectConfigurationPlatforms) = postSolution
		{766EC3AD-70E0-4C2B-8E02-75C92E4CDA03}.Debug|Any CPU.ActiveCfg = Debug|Any CPU
		{766EC3AD-70E0-4C2B-8E02-75C92E4CDA03}.Debug|Any CPU.Build.0 = Debug|Any CPU
		{766EC3AD-70E0-4C2B-8E02-75C92E4CDA03}.Release|Any CPU.ActiveCfg = Release|Any CPU
		{766EC3AD-70E0-4C2B-8E02-75C92E4CDA03}.Release|Any CPU.Build.0 = Release|Any CPU
	EndGlobalSection
	GlobalSection(SolutionProperties) = preSolution
		HideSolutionNode = FALSE
	EndGlobalSection
	GlobalSection(ExtensibilityGlobals) = postSolution
		SolutionGuid = {868C3F6D-9A44-4388-8977-3A9848AC3CA2}
	EndGlobalSection
EndGlobal
